
Microsoft Visual Studio Solution File, Format Version 12.00
# Visual Studio 15
VisualStudioVersion = 15.0.28307.645
MinimumVisualStudioVersion = 10.0.40219.1
Project("{FAE04EC0-301F-11D3-BF4B-00C04F79EFBC}") = "LocalClient", "LocalClient\LocalClient.csproj", "{13E3ED7F-1276-453B-83A7-8875887C2BF5}"
EndProject
Project("{FAE04EC0-301F-11D3-BF4B-00C04F79EFBC}") = "HttpLib", "HttpLib\HttpLib.csproj", "{947EE933-E036-43A5-9B7D-6F8D1CA86545}"
EndProject
Global
	GlobalSection(SolutionConfigurationPlatforms) = preSolution
		Debug|Any CPU = Debug|Any CPU
		Release|Any CPU = Release|Any CPU
	EndGlobalSection
	GlobalSection(ProjectConfigurationPlatforms) = postSolution
		{13E3ED7F-1276-453B-83A7-8875887C2BF5}.Debug|Any CPU.ActiveCfg = Debug|Any CPU
		{13E3ED7F-1276-453B-83A7-8875887C2BF5}.Debug|Any CPU.Build.0 = Debug|Any CPU
		{13E3ED7F-1276-453B-83A7-8875887C2BF5}.Release|Any CPU.ActiveCfg = Release|Any CPU
		{13E3ED7F-1276-453B-83A7-8875887C2BF5}.Release|Any CPU.Build.0 = Release|Any CPU
		{947EE933-E036-43A5-9B7D-6F8D1CA86545}.Debug|Any CPU.ActiveCfg = Debug|Any CPU
		{947EE933-E036-43A5-9B7D-6F8D1CA86545}.Debug|Any CPU.Build.0 = Debug|Any CPU
		{947EE933-E036-43A5-9B7D-6F8D1CA86545}.Release|Any CPU.ActiveCfg = Release|Any CPU
		{947EE933-E036-43A5-9B7D-6F8D1CA86545}.Release|Any CPU.Build.0 = Release|Any CPU
	EndGlobalSection
	GlobalSection(SolutionProperties) = preSolution
		HideSolutionNode = FALSE
	EndGlobalSection
	GlobalSection(ExtensibilityGlobals) = postSolution
		SolutionGuid = {F13DD1E2-6D5D-4BF0-B845-8C36F2C98318}
	EndGlobalSection
EndGlobal
